<?xml version="1.0" encoding="utf-8"?>
<Project ToolsVersion="4.0" xmlns="http://schemas.microsoft.com/developer/msbuild/2003">
  <ItemGroup>
    <ClCompile Include="..\..\User\main.c" />
    <ClCompile Include="..\..\User\can_test.c" />
  </ItemGroup>
  <ItemGroup>
    <ClInclude Include="..\..\User\main.h" />
    <ClInclude Include="..\..\User\can_test.h" />
  </ItemGroup>
</Project>